// !$*UTF8*$!
{
	archiveVersion = 1;
	classes = {
	};
	objectVersion = 56;
	objects = {

/* Begin PBXBuildFile section */
		F63A53CF2A618B9400041FDC /* ScoreViewController.swift in Sources */ = {isa = PBXBuildFile; fileRef = F63A53CE2A618B9400041FDC /* ScoreViewController.swift */; };
		F63A53D12A61953100041FDC /* ScoreManager.swift in Sources */ = {isa = PBXBuildFile; fileRef = F63A53D02A61953100041FDC /* ScoreManager.swift */; };
		F63D6ECD2A6027C600477735 /* MultipleQuestion.swift in Sources */ = {isa = PBXBuildFile; fileRef = F63D6ECC2A6027C600477735 /* MultipleQuestion.swift */; };
		F63D6ED02A6027FA00477735 /* QuizBrain.swift in Sources */ = {isa = PBXBuildFile; fileRef = F63D6ECF2A6027FA00477735 /* QuizBrain.swift */; };
		F63D6ED22A60280D00477735 /* Question.swift in Sources */ = {isa = PBXBuildFile; fileRef = F63D6ED12A60280D00477735 /* Question.swift */; };
		F63D6ED42A60295B00477735 /* MultipleChoiceBrain.swift in Sources */ = {isa = PBXBuildFile; fileRef = F63D6ED32A60295B00477735 /* MultipleChoiceBrain.swift */; };
		F63D6ED62A602A8F00477735 /* MultipleViewController.swift in Sources */ = {isa = PBXBuildFile; fileRef = F63D6ED52A602A8F00477735 /* MultipleViewController.swift */; };
		F6670BE12A600DA0009F02ED /* QuizViewController.swift in Sources */ = {isa = PBXBuildFile; fileRef = F6670BE02A600DA0009F02ED /* QuizViewController.swift */; };
		F68FDADB2A5FF93400BF9C48 /* AppDelegate.swift in Sources */ = {isa = PBXBuildFile; fileRef = F68FDADA2A5FF93400BF9C48 /* AppDelegate.swift */; };
		F68FDADD2A5FF93400BF9C48 /* SceneDelegate.swift in Sources */ = {isa = PBXBuildFile; fileRef = F68FDADC2A5FF93400BF9C48 /* SceneDelegate.swift */; };
		F68FDADF2A5FF93400BF9C48 /* LoginViewController.swift in Sources */ = {isa = PBXBuildFile; fileRef = F68FDADE2A5FF93400BF9C48 /* LoginViewController.swift */; };
		F68FDAE22A5FF93400BF9C48 /* Main.storyboard in Resources */ = {isa = PBXBuildFile; fileRef = F68FDAE02A5FF93400BF9C48 /* Main.storyboard */; };
		F68FDAE42A5FF93700BF9C48 /* Assets.xcassets in Resources */ = {isa = PBXBuildFile; fileRef = F68FDAE32A5FF93700BF9C48 /* Assets.xcassets */; };
		F68FDAE72A5FF93700BF9C48 /* LaunchScreen.storyboard in Resources */ = {isa = PBXBuildFile; fileRef = F68FDAE52A5FF93700BF9C48 /* LaunchScreen.storyboard */; };
		F68FDAF22A5FF93700BF9C48 /* MyFirstAppTests.swift in Sources */ = {isa = PBXBuildFile; fileRef = F68FDAF12A5FF93700BF9C48 /* MyFirstAppTests.swift */; };
		F68FDAFC2A5FF93700BF9C48 /* MyFirstAppUITests.swift in Sources */ = {isa = PBXBuildFile; fileRef = F68FDAFB2A5FF93700BF9C48 /* MyFirstAppUITests.swift */; };
		F68FDAFE2A5FF93700BF9C48 /* MyFirstAppUITestsLaunchTests.swift in Sources */ = {isa = PBXBuildFile; fileRef = F68FDAFD2A5FF93700BF9C48 /* MyFirstAppUITestsLaunchTests.swift */; };
		F69B41042A656B7000EC4ACF /* TrialUITesting.swift in Sources */ = {isa = PBXBuildFile; fileRef = F69B41032A656B7000EC4ACF /* TrialUITesting.swift */; };
/* End PBXBuildFile section */

/* Begin PBXContainerItemProxy section */
		F68FDAEE2A5FF93700BF9C48 /* PBXContainerItemProxy */ = {
			isa = PBXContainerItemProxy;
			containerPortal = F68FDACF2A5FF93400BF9C48 /* Project object */;
			proxyType = 1;
			remoteGlobalIDString = F68FDAD62A5FF93400BF9C48;
			remoteInfo = MyFirstApp;
		};
		F68FDAF82A5FF93700BF9C48 /* PBXContainerItemProxy */ = {
			isa = PBXContainerItemProxy;
			containerPortal = F68FDACF2A5FF93400BF9C48 /* Project object */;
			proxyType = 1;
			remoteGlobalIDString = F68FDAD62A5FF93400BF9C48;
			remoteInfo = MyFirstApp;
		};
/* End PBXContainerItemProxy section */

/* Begin PBXFileReference section */
		F63A53CE2A618B9400041FDC /* ScoreViewController.swift */ = {isa = PBXFileReference; lastKnownFileType = sourcecode.swift; path = ScoreViewController.swift; sourceTree = "<group>"; };
		F63A53D02A61953100041FDC /* ScoreManager.swift */ = {isa = PBXFileReference; lastKnownFileType = sourcecode.swift; path = ScoreManager.swift; sourceTree = "<group>"; };
		F63D6ECC2A6027C600477735 /* MultipleQuestion.swift */ = {isa = PBXFileReference; lastKnownFileType = sourcecode.swift; path = MultipleQuestion.swift; sourceTree = "<group>"; };
		F63D6ECF2A6027FA00477735 /* QuizBrain.swift */ = {isa = PBXFileReference; lastKnownFileType = sourcecode.swift; path = QuizBrain.swift; sourceTree = "<group>"; };
		F63D6ED12A60280D00477735 /* Question.swift */ = {isa = PBXFileReference; lastKnownFileType = sourcecode.swift; path = Question.swift; sourceTree = "<group>"; };
		F63D6ED32A60295B00477735 /* MultipleChoiceBrain.swift */ = {isa = PBXFileReference; lastKnownFileType = sourcecode.swift; path = MultipleChoiceBrain.swift; sourceTree = "<group>"; };
		F63D6ED52A602A8F00477735 /* MultipleViewController.swift */ = {isa = PBXFileReference; lastKnownFileType = sourcecode.swift; path = MultipleViewController.swift; sourceTree = "<group>"; };
		F6670BE02A600DA0009F02ED /* QuizViewController.swift */ = {isa = PBXFileReference; lastKnownFileType = sourcecode.swift; path = QuizViewController.swift; sourceTree = "<group>"; };
		F68FDAD72A5FF93400BF9C48 /* MyFirstApp.app */ = {isa = PBXFileReference; explicitFileType = wrapper.application; includeInIndex = 0; path = MyFirstApp.app; sourceTree = BUILT_PRODUCTS_DIR; };
		F68FDADA2A5FF93400BF9C48 /* AppDelegate.swift */ = {isa = PBXFileReference; lastKnownFileType = sourcecode.swift; path = AppDelegate.swift; sourceTree = "<group>"; };
		F68FDADC2A5FF93400BF9C48 /* SceneDelegate.swift */ = {isa = PBXFileReference; lastKnownFileType = sourcecode.swift; path = SceneDelegate.swift; sourceTree = "<group>"; };
		F68FDADE2A5FF93400BF9C48 /* LoginViewController.swift */ = {isa = PBXFileReference; lastKnownFileType = sourcecode.swift; path = LoginViewController.swift; sourceTree = "<group>"; };
		F68FDAE12A5FF93400BF9C48 /* Base */ = {isa = PBXFileReference; lastKnownFileType = file.storyboard; name = Base; path = Base.lproj/Main.storyboard; sourceTree = "<group>"; };
		F68FDAE32A5FF93700BF9C48 /* Assets.xcassets */ = {isa = PBXFileReference; lastKnownFileType = folder.assetcatalog; path = Assets.xcassets; sourceTree = "<group>"; };
		F68FDAE62A5FF93700BF9C48 /* Base */ = {isa = PBXFileReference; lastKnownFileType = file.storyboard; name = Base; path = Base.lproj/LaunchScreen.storyboard; sourceTree = "<group>"; };
		F68FDAE82A5FF93700BF9C48 /* Info.plist */ = {isa = PBXFileReference; lastKnownFileType = text.plist.xml; path = Info.plist; sourceTree = "<group>"; };
		F68FDAED2A5FF93700BF9C48 /* MyFirstAppTests.xctest */ = {isa = PBXFileReference; explicitFileType = wrapper.cfbundle; includeInIndex = 0; path = MyFirstAppTests.xctest; sourceTree = BUILT_PRODUCTS_DIR; };
		F68FDAF12A5FF93700BF9C48 /* MyFirstAppTests.swift */ = {isa = PBXFileReference; lastKnownFileType = sourcecode.swift; path = MyFirstAppTests.swift; sourceTree = "<group>"; };
		F68FDAF72A5FF93700BF9C48 /* MyFirstAppUITests.xctest */ = {isa = PBXFileReference; explicitFileType = wrapper.cfbundle; includeInIndex = 0; path = MyFirstAppUITests.xctest; sourceTree = BUILT_PRODUCTS_DIR; };
		F68FDAFB2A5FF93700BF9C48 /* MyFirstAppUITests.swift */ = {isa = PBXFileReference; lastKnownFileType = sourcecode.swift; path = MyFirstAppUITests.swift; sourceTree = "<group>"; };
		F68FDAFD2A5FF93700BF9C48 /* MyFirstAppUITestsLaunchTests.swift */ = {isa = PBXFileReference; lastKnownFileType = sourcecode.swift; path = MyFirstAppUITestsLaunchTests.swift; sourceTree = "<group>"; };
		F69B41032A656B7000EC4ACF /* TrialUITesting.swift */ = {isa = PBXFileReference; lastKnownFileType = sourcecode.swift; path = TrialUITesting.swift; sourceTree = "<group>"; };
/* End PBXFileReference section */

/* Begin PBXFrameworksBuildPhase section */
		F68FDAD42A5FF93400BF9C48 /* Frameworks */ = {
			isa = PBXFrameworksBuildPhase;
			buildActionMask = 2147483647;
			files = (
			);
			runOnlyForDeploymentPostprocessing = 0;
		};
		F68FDAEA2A5FF93700BF9C48 /* Frameworks */ = {
			isa = PBXFrameworksBuildPhase;
			buildActionMask = 2147483647;
			files = (
			);
			runOnlyForDeploymentPostprocessing = 0;
		};
		F68FDAF42A5FF93700BF9C48 /* Frameworks */ = {
			isa = PBXFrameworksBuildPhase;
			buildActionMask = 2147483647;
			files = (
			);
			runOnlyForDeploymentPostprocessing = 0;
		};
/* End PBXFrameworksBuildPhase section */

/* Begin PBXGroup section */
		F63D6ECE2A6027CA00477735 /* Model */ = {
			isa = PBXGroup;
			children = (
				F63D6ECC2A6027C600477735 /* MultipleQuestion.swift */,
				F63D6ECF2A6027FA00477735 /* QuizBrain.swift */,
				F63D6ED12A60280D00477735 /* Question.swift */,
				F63A53D02A61953100041FDC /* ScoreManager.swift */,
				F63D6ED32A60295B00477735 /* MultipleChoiceBrain.swift */,
			);
			path = Model;
			sourceTree = "<group>";
		};
		F6670BDF2A600A20009F02ED /* Controllers */ = {
			isa = PBXGroup;
			children = (
				F6670BE02A600DA0009F02ED /* QuizViewController.swift */,
				F68FDADE2A5FF93400BF9C48 /* LoginViewController.swift */,
				F63D6ED52A602A8F00477735 /* MultipleViewController.swift */,
				F63A53CE2A618B9400041FDC /* ScoreViewController.swift */,
			);
			path = Controllers;
			sourceTree = "<group>";
		};
		F6670BE22A600DEC009F02ED /* Views */ = {
			isa = PBXGroup;
			children = (
				F68FDAE02A5FF93400BF9C48 /* Main.storyboard */,
			);
			path = Views;
			sourceTree = "<group>";
		};
		F68FDACE2A5FF93400BF9C48 = {
			isa = PBXGroup;
			children = (
				F68FDAD92A5FF93400BF9C48 /* MyFirstApp */,
				F68FDAF02A5FF93700BF9C48 /* MyFirstAppTests */,
				F68FDAFA2A5FF93700BF9C48 /* MyFirstAppUITests */,
				F68FDAD82A5FF93400BF9C48 /* Products */,
			);
			sourceTree = "<group>";
		};
		F68FDAD82A5FF93400BF9C48 /* Products */ = {
			isa = PBXGroup;
			children = (
				F68FDAD72A5FF93400BF9C48 /* MyFirstApp.app */,
				F68FDAED2A5FF93700BF9C48 /* MyFirstAppTests.xctest */,
				F68FDAF72A5FF93700BF9C48 /* MyFirstAppUITests.xctest */,
			);
			name = Products;
			sourceTree = "<group>";
		};
		F68FDAD92A5FF93400BF9C48 /* MyFirstApp */ = {
			isa = PBXGroup;
			children = (
				F68FDADA2A5FF93400BF9C48 /* AppDelegate.swift */,
				F68FDADC2A5FF93400BF9C48 /* SceneDelegate.swift */,
				F63D6ECE2A6027CA00477735 /* Model */,
				F6670BE22A600DEC009F02ED /* Views */,
				F6670BDF2A600A20009F02ED /* Controllers */,
				F68FDAE32A5FF93700BF9C48 /* Assets.xcassets */,
				F68FDAE52A5FF93700BF9C48 /* LaunchScreen.storyboard */,
				F68FDAE82A5FF93700BF9C48 /* Info.plist */,
			);
			path = MyFirstApp;
			sourceTree = "<group>";
		};
		F68FDAF02A5FF93700BF9C48 /* MyFirstAppTests */ = {
			isa = PBXGroup;
			children = (
				F68FDAF12A5FF93700BF9C48 /* MyFirstAppTests.swift */,
			);
			path = MyFirstAppTests;
			sourceTree = "<group>";
		};
		F68FDAFA2A5FF93700BF9C48 /* MyFirstAppUITests */ = {
			isa = PBXGroup;
			children = (
				F68FDAFB2A5FF93700BF9C48 /* MyFirstAppUITests.swift */,
				F68FDAFD2A5FF93700BF9C48 /* MyFirstAppUITestsLaunchTests.swift */,
				F69B41032A656B7000EC4ACF /* TrialUITesting.swift */,
			);
			path = MyFirstAppUITests;
			sourceTree = "<group>";
		};
/* End PBXGroup section */

/* Begin PBXNativeTarget section */
		F68FDAD62A5FF93400BF9C48 /* MyFirstApp */ = {
			isa = PBXNativeTarget;
			buildConfigurationList = F68FDB012A5FF93700BF9C48 /* Build configuration list for PBXNativeTarget "MyFirstApp" */;
			buildPhases = (
				F68FDAD32A5FF93400BF9C48 /* Sources */,
				F68FDAD42A5FF93400BF9C48 /* Frameworks */,
				F68FDAD52A5FF93400BF9C48 /* Resources */,
			);
			buildRules = (
			);
			dependencies = (
			);
			name = MyFirstApp;
			productName = MyFirstApp;
			productReference = F68FDAD72A5FF93400BF9C48 /* MyFirstApp.app */;
			productType = "com.apple.product-type.application";
		};
		F68FDAEC2A5FF93700BF9C48 /* MyFirstAppTests */ = {
			isa = PBXNativeTarget;
			buildConfigurationList = F68FDB042A5FF93700BF9C48 /* Build configuration list for PBXNativeTarget "MyFirstAppTests" */;
			buildPhases = (
				F68FDAE92A5FF93700BF9C48 /* Sources */,
				F68FDAEA2A5FF93700BF9C48 /* Frameworks */,
				F68FDAEB2A5FF93700BF9C48 /* Resources */,
			);
			buildRules = (
			);
			dependencies = (
				F68FDAEF2A5FF93700BF9C48 /* PBXTargetDependency */,
			);
			name = MyFirstAppTests;
			productName = MyFirstAppTests;
			productReference = F68FDAED2A5FF93700BF9C48 /* MyFirstAppTests.xctest */;
			productType = "com.apple.product-type.bundle.unit-test";
		};
		F68FDAF62A5FF93700BF9C48 /* MyFirstAppUITests */ = {
			isa = PBXNativeTarget;
			buildConfigurationList = F68FDB072A5FF93700BF9C48 /* Build configuration list for PBXNativeTarget "MyFirstAppUITests" */;
			buildPhases = (
				F68FDAF32A5FF93700BF9C48 /* Sources */,
				F68FDAF42A5FF93700BF9C48 /* Frameworks */,
				F68FDAF52A5FF93700BF9C48 /* Resources */,
			);
			buildRules = (
			);
			dependencies = (
				F68FDAF92A5FF93700BF9C48 /* PBXTargetDependency */,
			);
			name = MyFirstAppUITests;
			productName = MyFirstAppUITests;
			productReference = F68FDAF72A5FF93700BF9C48 /* MyFirstAppUITests.xctest */;
			productType = "com.apple.product-type.bundle.ui-testing";
		};
/* End PBXNativeTarget section */

/* Begin PBXProject section */
		F68FDACF2A5FF93400BF9C48 /* Project object */ = {
			isa = PBXProject;
			attributes = {
				BuildIndependentTargetsInParallel = 1;
				LastSwiftUpdateCheck = 1430;
				LastUpgradeCheck = 1430;
				TargetAttributes = {
					F68FDAD62A5FF93400BF9C48 = {
						CreatedOnToolsVersion = 14.3;
					};
					F68FDAEC2A5FF93700BF9C48 = {
						CreatedOnToolsVersion = 14.3;
						TestTargetID = F68FDAD62A5FF93400BF9C48;
					};
					F68FDAF62A5FF93700BF9C48 = {
						CreatedOnToolsVersion = 14.3;
						TestTargetID = F68FDAD62A5FF93400BF9C48;
					};
				};
			};
			buildConfigurationList = F68FDAD22A5FF93400BF9C48 /* Build configuration list for PBXProject "MyFirstApp" */;
			compatibilityVersion = "Xcode 14.0";
			developmentRegion = en;
			hasScannedForEncodings = 0;
			knownRegions = (
				en,
				Base,
			);
			mainGroup = F68FDACE2A5FF93400BF9C48;
			productRefGroup = F68FDAD82A5FF93400BF9C48 /* Products */;
			projectDirPath = "";
			projectRoot = "";
			targets = (
				F68FDAD62A5FF93400BF9C48 /* MyFirstApp */,
				F68FDAEC2A5FF93700BF9C48 /* MyFirstAppTests */,
				F68FDAF62A5FF93700BF9C48 /* MyFirstAppUITests */,
			);
		};
/* End PBXProject section */

/* Begin PBXResourcesBuildPhase section */
		F68FDAD52A5FF93400BF9C48 /* Resources */ = {
			isa = PBXResourcesBuildPhase;
			buildActionMask = 2147483647;
			files = (
				F68FDAE72A5FF93700BF9C48 /* LaunchScreen.storyboard in Resources */,
				F68FDAE42A5FF93700BF9C48 /* Assets.xcassets in Resources */,
				F68FDAE22A5FF93400BF9C48 /* Main.storyboard in Resources */,
			);
			runOnlyForDeploymentPostprocessing = 0;
		};
		F68FDAEB2A5FF93700BF9C48 /* Resources */ = {
			isa = PBXResourcesBuildPhase;
			buildActionMask = 2147483647;
			files = (
			);
			runOnlyForDeploymentPostprocessing = 0;
		};
		F68FDAF52A5FF93700BF9C48 /* Resources */ = {
			isa = PBXResourcesBuildPhase;
			buildActionMask = 2147483647;
			files = (
			);
			runOnlyForDeploymentPostprocessing = 0;
		};
/* End PBXResourcesBuildPhase section */

/* Begin PBXSourcesBuildPhase section */
		F68FDAD32A5FF93400BF9C48 /* Sources */ = {
			isa = PBXSourcesBuildPhase;
			buildActionMask = 2147483647;
			files = (
				F68FDADF2A5FF93400BF9C48 /* LoginViewController.swift in Sources */,
				F68FDADB2A5FF93400BF9C48 /* AppDelegate.swift in Sources */,
				F63D6ECD2A6027C600477735 /* MultipleQuestion.swift in Sources */,
				F63D6ED62A602A8F00477735 /* MultipleViewController.swift in Sources */,
				F63D6ED02A6027FA00477735 /* QuizBrain.swift in Sources */,
				F68FDADD2A5FF93400BF9C48 /* SceneDelegate.swift in Sources */,
				F63D6ED22A60280D00477735 /* Question.swift in Sources */,
				F63A53CF2A618B9400041FDC /* ScoreViewController.swift in Sources */,
				F6670BE12A600DA0009F02ED /* QuizViewController.swift in Sources */,
				F63A53D12A61953100041FDC /* ScoreManager.swift in Sources */,
				F63D6ED42A60295B00477735 /* MultipleChoiceBrain.swift in Sources */,
			);
			runOnlyForDeploymentPostprocessing = 0;
		};
		F68FDAE92A5FF93700BF9C48 /* Sources */ = {
			isa = PBXSourcesBuildPhase;
			buildActionMask = 2147483647;
			files = (
				F68FDAF22A5FF93700BF9C48 /* MyFirstAppTests.swift in Sources */,
			);
			runOnlyForDeploymentPostprocessing = 0;
		};
		F68FDAF32A5FF93700BF9C48 /* Sources */ = {
			isa = PBXSourcesBuildPhase;
			buildActionMask = 2147483647;
			files = (
				F69B41042A656B7000EC4ACF /* TrialUITesting.swift in Sources */,
				F68FDAFC2A5FF93700BF9C48 /* MyFirstAppUITests.swift in Sources */,
				F68FDAFE2A5FF93700BF9C48 /* MyFirstAppUITestsLaunchTests.swift in Sources */,
			);
			runOnlyForDeploymentPostprocessing = 0;
		};
/* End PBXSourcesBuildPhase section */

/* Begin PBXTargetDependency section */
		F68FDAEF2A5FF93700BF9C48 /* PBXTargetDependency */ = {
			isa = PBXTargetDependency;
			target = F68FDAD62A5FF93400BF9C48 /* MyFirstApp */;
			targetProxy = F68FDAEE2A5FF93700BF9C48 /* PBXContainerItemProxy */;
		};
		F68FDAF92A5FF93700BF9C48 /* PBXTargetDependency */ = {
			isa = PBXTargetDependency;
			target = F68FDAD62A5FF93400BF9C48 /* MyFirstApp */;
			targetProxy = F68FDAF82A5FF93700BF9C48 /* PBXContainerItemProxy */;
		};
/* End PBXTargetDependency section */

/* Begin PBXVariantGroup section */
		F68FDAE02A5FF93400BF9C48 /* Main.storyboard */ = {
			isa = PBXVariantGroup;
			children = (
				F68FDAE12A5FF93400BF9C48 /* Base */,
			);
			name = Main.storyboard;
			sourceTree = "<group>";
		};
		F68FDAE52A5FF93700BF9C48 /* LaunchScreen.storyboard */ = {
			isa = PBXVariantGroup;
			children = (
				F68FDAE62A5FF93700BF9C48 /* Base */,
			);
			name = LaunchScreen.storyboard;
			sourceTree = "<group>";
		};
/* End PBXVariantGroup section */

/* Begin XCBuildConfiguration section */
		F68FDAFF2A5FF93700BF9C48 /* Debug */ = {
			isa = XCBuildConfiguration;
			buildSettings = {
				ALWAYS_SEARCH_USER_PATHS = NO;
				CLANG_ANALYZER_NONNULL = YES;
				CLANG_ANALYZER_NUMBER_OBJECT_CONVERSION = YES_AGGRESSIVE;
				CLANG_CXX_LANGUAGE_STANDARD = "gnu++20";
				CLANG_ENABLE_MODULES = YES;
				CLANG_ENABLE_OBJC_ARC = YES;
				CLANG_ENABLE_OBJC_WEAK = YES;
				CLANG_WARN_BLOCK_CAPTURE_AUTORELEASING = YES;
				CLANG_WARN_BOOL_CONVERSION = YES;
				CLANG_WARN_COMMA = YES;
				CLANG_WARN_CONSTANT_CONVERSION = YES;
				CLANG_WARN_DEPRECATED_OBJC_IMPLEMENTATIONS = YES;
				CLANG_WARN_DIRECT_OBJC_ISA_USAGE = YES_ERROR;
				CLANG_WARN_DOCUMENTATION_COMMENTS = YES;
				CLANG_WARN_EMPTY_BODY = YES;
				CLANG_WARN_ENUM_CONVERSION = YES;
				CLANG_WARN_INFINITE_RECURSION = YES;
				CLANG_WARN_INT_CONVERSION = YES;
				CLANG_WARN_NON_LITERAL_NULL_CONVERSION = YES;
				CLANG_WARN_OBJC_IMPLICIT_RETAIN_SELF = YES;
				CLANG_WARN_OBJC_LITERAL_CONVERSION = YES;
				CLANG_WARN_OBJC_ROOT_CLASS = YES_ERROR;
				CLANG_WARN_QUOTED_INCLUDE_IN_FRAMEWORK_HEADER = YES;
				CLANG_WARN_RANGE_LOOP_ANALYSIS = YES;
				CLANG_WARN_STRICT_PROTOTYPES = YES;
				CLANG_WARN_SUSPICIOUS_MOVE = YES;
				CLANG_WARN_UNGUARDED_AVAILABILITY = YES_AGGRESSIVE;
				CLANG_WARN_UNREACHABLE_CODE = YES;
				CLANG_WARN__DUPLICATE_METHOD_MATCH = YES;
				COPY_PHASE_STRIP = NO;
				DEBUG_INFORMATION_FORMAT = dwarf;
				ENABLE_STRICT_OBJC_MSGSEND = YES;
				ENABLE_TESTABILITY = YES;
				GCC_C_LANGUAGE_STANDARD = gnu11;
				GCC_DYNAMIC_NO_PIC = NO;
				GCC_NO_COMMON_BLOCKS = YES;
				GCC_OPTIMIZATION_LEVEL = 0;
				GCC_PREPROCESSOR_DEFINITIONS = (
					"DEBUG=1",
					"$(inherited)",
				);
				GCC_WARN_64_TO_32_BIT_CONVERSION = YES;
				GCC_WARN_ABOUT_RETURN_TYPE = YES_ERROR;
				GCC_WARN_UNDECLARED_SELECTOR = YES;
				GCC_WARN_UNINITIALIZED_AUTOS = YES_AGGRESSIVE;
				GCC_WARN_UNUSED_FUNCTION = YES;
				GCC_WARN_UNUSED_VARIABLE = YES;
				IPHONEOS_DEPLOYMENT_TARGET = 16.0;
				MTL_ENABLE_DEBUG_INFO = INCLUDE_SOURCE;
				MTL_FAST_MATH = YES;
				ONLY_ACTIVE_ARCH = YES;
				SDKROOT = iphoneos;
				SWIFT_ACTIVE_COMPILATION_CONDITIONS = DEBUG;
				SWIFT_OPTIMIZATION_LEVEL = "-Onone";
			};
			name = Debug;
		};
		F68FDB002A5FF93700BF9C48 /* Release */ = {
			isa = XCBuildConfiguration;
			buildSettings = {
				ALWAYS_SEARCH_USER_PATHS = NO;
				CLANG_ANALYZER_NONNULL = YES;
				CLANG_ANALYZER_NUMBER_OBJECT_CONVERSION = YES_AGGRESSIVE;
				CLANG_CXX_LANGUAGE_STANDARD = "gnu++20";
				CLANG_ENABLE_MODULES = YES;
				CLANG_ENABLE_OBJC_ARC = YES;
				CLANG_ENABLE_OBJC_WEAK = YES;
				CLANG_WARN_BLOCK_CAPTURE_AUTORELEASING = YES;
				CLANG_WARN_BOOL_CONVERSION = YES;
				CLANG_WARN_COMMA = YES;
				CLANG_WARN_CONSTANT_CONVERSION = YES;
				CLANG_WARN_DEPRECATED_OBJC_IMPLEMENTATIONS = YES;
				CLANG_WARN_DIRECT_OBJC_ISA_USAGE = YES_ERROR;
				CLANG_WARN_DOCUMENTATION_COMMENTS = YES;
				CLANG_WARN_EMPTY_BODY = YES;
				CLANG_WARN_ENUM_CONVERSION = YES;
				CLANG_WARN_INFINITE_RECURSION = YES;
				CLANG_WARN_INT_CONVERSION = YES;
				CLANG_WARN_NON_LITERAL_NULL_CONVERSION = YES;
				CLANG_WARN_OBJC_IMPLICIT_RETAIN_SELF = YES;
				CLANG_WARN_OBJC_LITERAL_CONVERSION = YES;
				CLANG_WARN_OBJC_ROOT_CLASS = YES_ERROR;
				CLANG_WARN_QUOTED_INCLUDE_IN_FRAMEWORK_HEADER = YES;
				CLANG_WARN_RANGE_LOOP_ANALYSIS = YES;
				CLANG_WARN_STRICT_PROTOTYPES = YES;
				CLANG_WARN_SUSPICIOUS_MOVE = YES;
				CLANG_WARN_UNGUARDED_AVAILABILITY = YES_AGGRESSIVE;
				CLANG_WARN_UNREACHABLE_CODE = YES;
				CLANG_WARN__DUPLICATE_METHOD_MATCH = YES;
				COPY_PHASE_STRIP = NO;
				DEBUG_INFORMATION_FORMAT = "dwarf-with-dsym";
				ENABLE_NS_ASSERTIONS = NO;
				ENABLE_STRICT_OBJC_MSGSEND = YES;
				GCC_C_LANGUAGE_STANDARD = gnu11;
				GCC_NO_COMMON_BLOCKS = YES;
				GCC_WARN_64_TO_32_BIT_CONVERSION = YES;
				GCC_WARN_ABOUT_RETURN_TYPE = YES_ERROR;
				GCC_WARN_UNDECLARED_SELECTOR = YES;
				GCC_WARN_UNINITIALIZED_AUTOS = YES_AGGRESSIVE;
				GCC_WARN_UNUSED_FUNCTION = YES;
				GCC_WARN_UNUSED_VARIABLE = YES;
				IPHONEOS_DEPLOYMENT_TARGET = 16.0;
				MTL_ENABLE_DEBUG_INFO = NO;
				MTL_FAST_MATH = YES;
				SDKROOT = iphoneos;
				SWIFT_COMPILATION_MODE = wholemodule;
				SWIFT_OPTIMIZATION_LEVEL = "-O";
				VALIDATE_PRODUCT = YES;
			};
			name = Release;
		};
		F68FDB022A5FF93700BF9C48 /* Debug */ = {
			isa = XCBuildConfiguration;
			buildSettings = {
				ASSETCATALOG_COMPILER_APPICON_NAME = AppIcon;
				ASSETCATALOG_COMPILER_GLOBAL_ACCENT_COLOR_NAME = AccentColor;
				CODE_SIGN_STYLE = Automatic;
				CURRENT_PROJECT_VERSION = 1;
				DEVELOPMENT_TEAM = 6S828YXP5Z;
				GENERATE_INFOPLIST_FILE = YES;
				INFOPLIST_FILE = MyFirstApp/Info.plist;
				INFOPLIST_KEY_UIApplicationSupportsIndirectInputEvents = YES;
				INFOPLIST_KEY_UILaunchStoryboardName = LaunchScreen;
				INFOPLIST_KEY_UIMainStoryboardFile = Main;
				INFOPLIST_KEY_UISupportedInterfaceOrientations_iPad = "UIInterfaceOrientationPortrait UIInterfaceOrientationPortraitUpsideDown UIInterfaceOrientationLandscapeLeft UIInterfaceOrientationLandscapeRight";
				INFOPLIST_KEY_UISupportedInterfaceOrientations_iPhone = "UIInterfaceOrientationPortrait UIInterfaceOrientationLandscapeLeft UIInterfaceOrientationLandscapeRight";
				IPHONEOS_DEPLOYMENT_TARGET = 16.4;
				LD_RUNPATH_SEARCH_PATHS = (
					"$(inherited)",
					"@executable_path/Frameworks",
				);
				MARKETING_VERSION = 1.0;
				PRODUCT_BUNDLE_IDENTIFIER = Nathalie.MyFirstApp;
				PRODUCT_NAME = "$(TARGET_NAME)";
				SWIFT_EMIT_LOC_STRINGS = YES;
				SWIFT_VERSION = 5.0;
				TARGETED_DEVICE_FAMILY = "1,2";
			};
			name = Debug;
		};
		F68FDB032A5FF93700BF9C48 /* Release */ = {
			isa = XCBuildConfiguration;
			buildSettings = {
				ASSETCATALOG_COMPILER_APPICON_NAME = AppIcon;
				ASSETCATALOG_COMPILER_GLOBAL_ACCENT_COLOR_NAME = AccentColor;
				CODE_SIGN_STYLE = Automatic;
				CURRENT_PROJECT_VERSION = 1;
				DEVELOPMENT_TEAM = 6S828YXP5Z;
				GENERATE_INFOPLIST_FILE = YES;
				INFOPLIST_FILE = MyFirstApp/Info.plist;
				INFOPLIST_KEY_UIApplicationSupportsIndirectInputEvents = YES;
				INFOPLIST_KEY_UILaunchStoryboardName = LaunchScreen;
				INFOPLIST_KEY_UIMainStoryboardFile = Main;
				INFOPLIST_KEY_UISupportedInterfaceOrientations_iPad = "UIInterfaceOrientationPortrait UIInterfaceOrientationPortraitUpsideDown UIInterfaceOrientationLandscapeLeft UIInterfaceOrientationLandscapeRight";
				INFOPLIST_KEY_UISupportedInterfaceOrientations_iPhone = "UIInterfaceOrientationPortrait UIInterfaceOrientationLandscapeLeft UIInterfaceOrientationLandscapeRight";
				IPHONEOS_DEPLOYMENT_TARGET = 16.4;
				LD_RUNPATH_SEARCH_PATHS = (
					"$(inherited)",
					"@executable_path/Frameworks",
				);
				MARKETING_VERSION = 1.0;
				PRODUCT_BUNDLE_IDENTIFIER = Nathalie.MyFirstApp;
				PRODUCT_NAME = "$(TARGET_NAME)";
				SWIFT_EMIT_LOC_STRINGS = YES;
				SWIFT_VERSION = 5.0;
				TARGETED_DEVICE_FAMILY = "1,2";
			};
			name = Release;
		};
		F68FDB052A5FF93700BF9C48 /* Debug */ = {
			isa = XCBuildConfiguration;
			buildSettings = {
				ALWAYS_EMBED_SWIFT_STANDARD_LIBRARIES = YES;
				BUNDLE_LOADER = "$(TEST_HOST)";
				CODE_SIGN_STYLE = Automatic;
				CURRENT_PROJECT_VERSION = 1;
				GENERATE_INFOPLIST_FILE = YES;
				IPHONEOS_DEPLOYMENT_TARGET = 16.4;
				MARKETING_VERSION = 1.0;
				PRODUCT_BUNDLE_IDENTIFIER = Nathalie.MyFirstAppTests;
				PRODUCT_NAME = "$(TARGET_NAME)";
				SWIFT_EMIT_LOC_STRINGS = NO;
				SWIFT_VERSION = 5.0;
				TARGETED_DEVICE_FAMILY = "1,2";
				TEST_HOST = "$(BUILT_PRODUCTS_DIR)/MyFirstApp.app/$(BUNDLE_EXECUTABLE_FOLDER_PATH)/MyFirstApp";
			};
			name = Debug;
		};
		F68FDB062A5FF93700BF9C48 /* Release */ = {
			isa = XCBuildConfiguration;
			buildSettings = {
				ALWAYS_EMBED_SWIFT_STANDARD_LIBRARIES = YES;
				BUNDLE_LOADER = "$(TEST_HOST)";
				CODE_SIGN_STYLE = Automatic;
				CURRENT_PROJECT_VERSION = 1;
				GENERATE_INFOPLIST_FILE = YES;
				IPHONEOS_DEPLOYMENT_TARGET = 16.4;
				MARKETING_VERSION = 1.0;
				PRODUCT_BUNDLE_IDENTIFIER = Nathalie.MyFirstAppTests;
				PRODUCT_NAME = "$(TARGET_NAME)";
				SWIFT_EMIT_LOC_STRINGS = NO;
				SWIFT_VERSION = 5.0;
				TARGETED_DEVICE_FAMILY = "1,2";
				TEST_HOST = "$(BUILT_PRODUCTS_DIR)/MyFirstApp.app/$(BUNDLE_EXECUTABLE_FOLDER_PATH)/MyFirstApp";
			};
			name = Release;
		};
		F68FDB082A5FF93700BF9C48 /* Debug */ = {
			isa = XCBuildConfiguration;
			buildSettings = {
				ALWAYS_EMBED_SWIFT_STANDARD_LIBRARIES = YES;
				CODE_SIGN_STYLE = Automatic;
				CURRENT_PROJECT_VERSION = 1;
				GENERATE_INFOPLIST_FILE = YES;
				MARKETING_VERSION = 1.0;
				PRODUCT_BUNDLE_IDENTIFIER = Nathalie.MyFirstAppUITests;
				PRODUCT_NAME = "$(TARGET_NAME)";
				SWIFT_EMIT_LOC_STRINGS = NO;
				SWIFT_VERSION = 5.0;
				TARGETED_DEVICE_FAMILY = "1,2";
				TEST_TARGET_NAME = MyFirstApp;
			};
			name = Debug;
		};
		F68FDB092A5FF93700BF9C48 /* Release */ = {
			isa = XCBuildConfiguration;
			buildSettings = {
				ALWAYS_EMBED_SWIFT_STANDARD_LIBRARIES = YES;
				CODE_SIGN_STYLE = Automatic;
				CURRENT_PROJECT_VERSION = 1;
				GENERATE_INFOPLIST_FILE = YES;
				MARKETING_VERSION = 1.0;
				PRODUCT_BUNDLE_IDENTIFIER = Nathalie.MyFirstAppUITests;
				PRODUCT_NAME = "$(TARGET_NAME)";
				SWIFT_EMIT_LOC_STRINGS = NO;
				SWIFT_VERSION = 5.0;
				TARGETED_DEVICE_FAMILY = "1,2";
				TEST_TARGET_NAME = MyFirstApp;
			};
			name = Release;
		};
/* End XCBuildConfiguration section */

/* Begin XCConfigurationList section */
		F68FDAD22A5FF93400BF9C48 /* Build configuration list for PBXProject "MyFirstApp" */ = {
			isa = XCConfigurationList;
			buildConfigurations = (
				F68FDAFF2A5FF93700BF9C48 /* Debug */,
				F68FDB002A5FF93700BF9C48 /* Release */,
			);
			defaultConfigurationIsVisible = 0;
			defaultConfigurationName = Release;
		};
		F68FDB012A5FF93700BF9C48 /* Build configuration list for PBXNativeTarget "MyFirstApp" */ = {
			isa = XCConfigurationList;
			buildConfigurations = (
				F68FDB022A5FF93700BF9C48 /* Debug */,
				F68FDB032A5FF93700BF9C48 /* Release */,
			);
			defaultConfigurationIsVisible = 0;
			defaultConfigurationName = Release;
		};
		F68FDB042A5FF93700BF9C48 /* Build configuration list for PBXNativeTarget "MyFirstAppTests" */ = {
			isa = XCConfigurationList;
			buildConfigurations = (
				F68FDB052A5FF93700BF9C48 /* Debug */,
				F68FDB062A5FF93700BF9C48 /* Release */,
			);
			defaultConfigurationIsVisible = 0;
			defaultConfigurationName = Release;
		};
		F68FDB072A5FF93700BF9C48 /* Build configuration list for PBXNativeTarget "MyFirstAppUITests" */ = {
			isa = XCConfigurationList;
			buildConfigurations = (
				F68FDB082A5FF93700BF9C48 /* Debug */,
				F68FDB092A5FF93700BF9C48 /* Release */,
			);
			defaultConfigurationIsVisible = 0;
			defaultConfigurationName = Release;
		};
/* End XCConfigurationList section */
	};
	rootObject = F68FDACF2A5FF93400BF9C48 /* Project object */;
}
